{
  "name": "clone",
  "version": "1.0.0",
  "lockfileVersion": 2,
  "requires": true,
  "packages": {
    "": {
      "name": "clone",
      "version": "1.0.0",
      "license": "ISC",
      "dependencies": {
        "@dmitry133/ajs": "^1.0.0"
      }
    },
    "node_modules/@dmitry133/ajs": {
      "version": "1.0.0",
      "resolved": "https://npm.pkg.github.com/download/@dmitry133/ajs/1.0.0/250cda626bd6ccacca8f40eedda653438815f0b5",
      "integrity": "sha512-EZFnAwO5qlZMlYq4Swg33NXldkgmn0M/NZ7ob2V+Ei+nTJdv9U5XM6TE/4O2QUFYG27lCIqiUHwZR0mmjjPWBg==",
      "license": "ISC"
    }
  },
  "dependencies": {
    "@dmitry133/ajs": {
      "version": "1.0.0",
      "resolved": "https://npm.pkg.github.com/download/@dmitry133/ajs/1.0.0/250cda626bd6ccacca8f40eedda653438815f0b5",
      "integrity": "sha512-EZFnAwO5qlZMlYq4Swg33NXldkgmn0M/NZ7ob2V+Ei+nTJdv9U5XM6TE/4O2QUFYG27lCIqiUHwZR0mmjjPWBg=="
    }
  }
}
